PODS:
  - AFNetworking (3.1.0):
    - AFNetworking/NSURLSession (= 3.1.0)
    - AFNetworking/Reachability (= 3.1.0)
    - AFNetworking/Security (= 3.1.0)
    - AFNetworking/Serialization (= 3.1.0)
    - AFNetworking/UIKit (= 3.1.0)
  - AFNetworking/NSURLSession (3.1.0):
    - AFNetworking/Reachability
    - AFNetworking/Security
    - AFNetworking/Serialization
  - AFNetworking/Reachability (3.1.0)
  - AFNetworking/Security (3.1.0)
  - AFNetworking/Serialization (3.1.0)
  - AFNetworking/UIKit (3.1.0):
    - AFNetworking/NSURLSession
  - Alamofire (4.5.1)
  - FBRetainCycleDetector (0.1.3)
  - FMDB (2.6.2):
    - FMDB/standard (= 2.6.2)
  - FMDB/standard (2.6.2)
  - GTSDK (2.2.0.0)
  - HyphenateLite (3.3.4.1)
  - IQKeyboardManagerSwift (5.0.6)
  - Kingfisher (4.2.0)
  - Masonry (1.0.2)
  - MBProgressHUD (1.0.0)
  - Meiqia (3.4.7):
    - Meiqia/MeiqiaSDK (= 3.4.7)
    - Meiqia/MQChatViewController (= 3.4.7)
  - Meiqia/MeiqiaSDK (3.4.7)
  - Meiqia/MQChatViewController (3.4.7):
    - Meiqia/MeiqiaSDK
  - MJRefresh (3.1.15)
  - MLeaksFinder (1.0.0):
    - FBRetainCycleDetector
  - SDWebImage (3.8.2):
    - SDWebImage/Core (= 3.8.2)
  - SDWebImage/Core (3.8.2)
  - SnapKit (4.0.0)
  - SQLite.swift (0.11.4):
    - SQLite.swift/standard (= 0.11.4)
  - SQLite.swift/standard (0.11.4)
  - SVProgressHUD (2.2.2)
  - SwiftyJSON (4.0.0)
  - UMengUShare/Core (6.4.6):
    - UMengUShare/Network
  - UMengUShare/Network (6.4.6)
  - UMengUShare/Social/ReducedWeChat (6.4.6):
    - UMengUShare/Core
  - UMengUShare/Social/WeChat (6.4.6):
    - UMengUShare/Core
    - UMengUShare/Social/ReducedWeChat
  - YYModel (1.0.4)
  - YYText (1.0.7)

DEPENDENCIES:
  - AFNetworking (~> 3.1.0)
  - Alamofire (>= 4.2.0)
  - FMDB (~> 2.6.2)
  - GTSDK
  - HyphenateLite (~> 3.3.4.1)
  - IQKeyboardManagerSwift (>= 4.0.7)
  - Kingfisher (~> 4.2.0)
  - Masonry (~> 1.0.2)
  - MBProgressHUD (~> 1.0.0)
  - Meiqia (~> 3.4.7)
  - MJRefresh (~> 3.1.12)
  - MLeaksFinder
  - SDWebImage (~> 3.8.2)
  - SnapKit (~> 4.0.0)
  - SQLite.swift (~> 0.11.4)
  - SVProgressHUD
  - SwiftyJSON (>= 3.1.3)
  - UMengUShare/Social/WeChat
  - YYModel (~> 1.0.4)
  - YYText (~> 1.0.7)

SPEC CHECKSUMS:
  AFNetworking: 5e0e199f73d8626b11e79750991f5d173d1f8b67
  Alamofire: 2d95912bf4c34f164fdfc335872e8c312acaea4a
  FBRetainCycleDetector: f0c7b290bf48ae77f6ae060843ce34ae341781eb
  FMDB: 854a0341b4726e53276f2a8996f06f1b80f9259a
  GTSDK: 9be6d3c6e7608cb78bb35deba7dbabcde651b0c3
  HyphenateLite: 19e216404a15ed9b41906da00e2c1a7012e816a6
  IQKeyboardManagerSwift: 02bfbb0dff71c66d0ab77d80d25dfce0c3717735
  Kingfisher: 9ee7e788d8ba07c3f21ce0d43f33cec310a4f781
  Masonry: 7c429b56da9d4ee0bbb3ed77a5ea710d6a5df39e
  MBProgressHUD: 4890f671c94e8a0f3cf959aa731e9de2f036d71a
  Meiqia: af9d79fb853b207703153000f3d917e14fa14f50
  MJRefresh: 9af70f5f9327a2cf87f0fb5929f35fcc2fa638ea
  MLeaksFinder: 8c435bd2f6d070af18cff082b503b21adc130fc0
  SDWebImage: 098e97e6176540799c27e804c96653ee0833d13c
  SnapKit: a42d492c16e80209130a3379f73596c3454b7694
  SQLite.swift: 3e3bee21da701b5b9f87c4a672cb54f233505692
  SVProgressHUD: 59b2d3dabacbd051576d21d32293ca7228dc18b0
  SwiftyJSON: 070dabdcb1beb81b247c65ffa3a79dbbfb3b48aa
  UMengUShare: fdbbf86353976727af26a66e9a84314ecb59c816
  YYModel: 2a7fdd96aaa4b86a824e26d0c517de8928c04b30
  YYText: 5c461d709e24d55a182d1441c41dc639a18a4849

PODFILE CHECKSUM: 8e4032a62714a8e27b4da61ef690ab0c0181f0de

COCOAPODS: 1.3.1
