// !$*UTF8*$!
{
	archiveVersion = 1;
	classes = {
	};
	objectVersion = 46;
	objects = {

/* Begin PBXBuildFile section */
		8921AC941E0291E400A20D60 /* SnapKit.framework in Frameworks */ = {isa = PBXBuildFile; fileRef = 8921AC8D1E0290C300A20D60 /* SnapKit.framework */; };
		8921AC951E0291E400A20D60 /* SnapKit.framework in Embed Frameworks */ = {isa = PBXBuildFile; fileRef = 8921AC8D1E0290C300A20D60 /* SnapKit.framework */; settings = {ATTRIBUTES = (CodeSignOnCopy, RemoveHeadersOnCopy, ); }; };
		8921ACCC1E029DC400A20D60 /* XLP_RealViewController.swift in Sources */ = {isa = PBXBuildFile; fileRef = 8921ACCB1E029DC400A20D60 /* XLP_RealViewController.swift */; };
		8921ACD01E029DDB00A20D60 /* MyViewController.m in Sources */ = {isa = PBXBuildFile; fileRef = 8921ACCF1E029DDB00A20D60 /* MyViewController.m */; };
		8921ACD81E0393EC00A20D60 /* File.swift in Sources */ = {isa = PBXBuildFile; fileRef = 8921ACD71E0393EC00A20D60 /* File.swift */; };
		89E73DF71DFA832900058FB0 /* AppDelegate.swift in Sources */ = {isa = PBXBuildFile; fileRef = 89E73DF61DFA832900058FB0 /* AppDelegate.swift */; };
		89E73DFC1DFA832900058FB0 /* Main.storyboard in Resources */ = {isa = PBXBuildFile; fileRef = 89E73DFA1DFA832900058FB0 /* Main.storyboard */; };
		89E73DFE1DFA832900058FB0 /* Assets.xcassets in Resources */ = {isa = PBXBuildFile; fileRef = 89E73DFD1DFA832900058FB0 /* Assets.xcassets */; };
		89E73E011DFA832900058FB0 /* LaunchScreen.storyboard in Resources */ = {isa = PBXBuildFile; fileRef = 89E73DFF1DFA832900058FB0 /* LaunchScreen.storyboard */; };
		89E73E0C1DFA832A00058FB0 /* SwiftTestTests.swift in Sources */ = {isa = PBXBuildFile; fileRef = 89E73E0B1DFA832A00058FB0 /* SwiftTestTests.swift */; };
		89E73E171DFA832A00058FB0 /* SwiftTestUITests.swift in Sources */ = {isa = PBXBuildFile; fileRef = 89E73E161DFA832A00058FB0 /* SwiftTestUITests.swift */; };
		89E73E321DFBEA6A00058FB0 /* UI_tableable_VC.swift in Sources */ = {isa = PBXBuildFile; fileRef = 89E73E311DFBEA6A00058FB0 /* UI_tableable_VC.swift */; };
		89E73E351DFBEABE00058FB0 /* OneCell.swift in Sources */ = {isa = PBXBuildFile; fileRef = 89E73E341DFBEABE00058FB0 /* OneCell.swift */; };
		89E73E371DFBEAD800058FB0 /* OneModal.swift in Sources */ = {isa = PBXBuildFile; fileRef = 89E73E361DFBEAD800058FB0 /* OneModal.swift */; };
		89E73E391DFE463300058FB0 /* XLP_UI_ViewController.swift in Sources */ = {isa = PBXBuildFile; fileRef = 89E73E381DFE463300058FB0 /* XLP_UI_ViewController.swift */; };
		89E73E3B1DFE46AD00058FB0 /* RootViewController.swift in Sources */ = {isa = PBXBuildFile; fileRef = 89E73E3A1DFE46AD00058FB0 /* RootViewController.swift */; };
		89E73E3F1DFFC27000058FB0 /* XLP_OperatorsVController.swift in Sources */ = {isa = PBXBuildFile; fileRef = 89E73E3E1DFFC26F00058FB0 /* XLP_OperatorsVController.swift */; };
		89E73E411E01292900058FB0 /* TsetClass.swift in Sources */ = {isa = PBXBuildFile; fileRef = 89E73E401E01292900058FB0 /* TsetClass.swift */; };
		89E73E431E01294E00058FB0 /* TestClassViewController.swift in Sources */ = {isa = PBXBuildFile; fileRef = 89E73E421E01294E00058FB0 /* TestClassViewController.swift */; };
/* End PBXBuildFile section */

/* Begin PBXContainerItemProxy section */
		8921AC8C1E0290C300A20D60 /* PBXContainerItemProxy */ = {
			isa = PBXContainerItemProxy;
			containerPortal = 8921AC861E0290C300A20D60 /* SnapKit.xcodeproj */;
			proxyType = 2;
			remoteGlobalIDString = EEBCC9D819CC627D0083B827;
			remoteInfo = SnapKit;
		};
		8921AC8E1E0290C300A20D60 /* PBXContainerItemProxy */ = {
			isa = PBXContainerItemProxy;
			containerPortal = 8921AC861E0290C300A20D60 /* SnapKit.xcodeproj */;
			proxyType = 2;
			remoteGlobalIDString = EEBCC9E219CC627E0083B827;
			remoteInfo = "SnapKit Tests";
		};
		8921AC961E0291E400A20D60 /* PBXContainerItemProxy */ = {
			isa = PBXContainerItemProxy;
			containerPortal = 8921AC861E0290C300A20D60 /* SnapKit.xcodeproj */;
			proxyType = 1;
			remoteGlobalIDString = EEBCC9D719CC627D0083B827;
			remoteInfo = SnapKit;
		};
		8921ACA51E029C6A00A20D60 /* PBXContainerItemProxy */ = {
			isa = PBXContainerItemProxy;
			containerPortal = 8921AC9A1E029C6A00A20D60 /* Alamofire.xcodeproj */;
			proxyType = 2;
			remoteGlobalIDString = F8111E3319A95C8B0040E7D1;
			remoteInfo = "Alamofire iOS";
		};
		8921ACA71E029C6A00A20D60 /* PBXContainerItemProxy */ = {
			isa = PBXContainerItemProxy;
			containerPortal = 8921AC9A1E029C6A00A20D60 /* Alamofire.xcodeproj */;
			proxyType = 2;
			remoteGlobalIDString = F8111E3E19A95C8B0040E7D1;
			remoteInfo = "Alamofire iOS Tests";
		};
		8921ACA91E029C6A00A20D60 /* PBXContainerItemProxy */ = {
			isa = PBXContainerItemProxy;
			containerPortal = 8921AC9A1E029C6A00A20D60 /* Alamofire.xcodeproj */;
			proxyType = 2;
			remoteGlobalIDString = 4DD67C0B1A5C55C900ED2280;
			remoteInfo = "Alamofire macOS";
		};
		8921ACAB1E029C6A00A20D60 /* PBXContainerItemProxy */ = {
			isa = PBXContainerItemProxy;
			containerPortal = 8921AC9A1E029C6A00A20D60 /* Alamofire.xcodeproj */;
			proxyType = 2;
			remoteGlobalIDString = F829C6B21A7A94F100A2CD59;
			remoteInfo = "Alamofire macOS Tests";
		};
		8921ACAD1E029C6A00A20D60 /* PBXContainerItemProxy */ = {
			isa = PBXContainerItemProxy;
			containerPortal = 8921AC9A1E029C6A00A20D60 /* Alamofire.xcodeproj */;
			proxyType = 2;
			remoteGlobalIDString = 4CF626EF1BA7CB3E0011A099;
			remoteInfo = "Alamofire tvOS";
		};
		8921ACAF1E029C6A00A20D60 /* PBXContainerItemProxy */ = {
			isa = PBXContainerItemProxy;
			containerPortal = 8921AC9A1E029C6A00A20D60 /* Alamofire.xcodeproj */;
			proxyType = 2;
			remoteGlobalIDString = 4CF626F81BA7CB3E0011A099;
			remoteInfo = "Alamofire tvOS Tests";
		};
		8921ACB11E029C6A00A20D60 /* PBXContainerItemProxy */ = {
			isa = PBXContainerItemProxy;
			containerPortal = 8921AC9A1E029C6A00A20D60 /* Alamofire.xcodeproj */;
			proxyType = 2;
			remoteGlobalIDString = E4202FE01B667AA100C997FB;
			remoteInfo = "Alamofire watchOS";
		};
		8921ACBD1E029C7400A20D60 /* PBXContainerItemProxy */ = {
			isa = PBXContainerItemProxy;
			containerPortal = 8921ACB31E029C7400A20D60 /* SwiftyJSON.xcodeproj */;
			proxyType = 2;
			remoteGlobalIDString = 2E4FEFDB19575BE100351305;
			remoteInfo = "SwiftyJSON iOS";
		};
		8921ACBF1E029C7400A20D60 /* PBXContainerItemProxy */ = {
			isa = PBXContainerItemProxy;
			containerPortal = 8921ACB31E029C7400A20D60 /* SwiftyJSON.xcodeproj */;
			proxyType = 2;
			remoteGlobalIDString = 2E4FEFE619575BE100351305;
			remoteInfo = "SwiftyJSON iOS Tests";
		};
		8921ACC11E029C7400A20D60 /* PBXContainerItemProxy */ = {
			isa = PBXContainerItemProxy;
			containerPortal = 8921ACB31E029C7400A20D60 /* SwiftyJSON.xcodeproj */;
			proxyType = 2;
			remoteGlobalIDString = 9C7DFC5B1A9102BD005AA3F7;
			remoteInfo = "SwiftyJSON OSX";
		};
		8921ACC31E029C7400A20D60 /* PBXContainerItemProxy */ = {
			isa = PBXContainerItemProxy;
			containerPortal = 8921ACB31E029C7400A20D60 /* SwiftyJSON.xcodeproj */;
			proxyType = 2;
			remoteGlobalIDString = 9C7DFC651A9102BD005AA3F7;
			remoteInfo = "SwiftyJSON OSX Tests";
		};
		8921ACC51E029C7400A20D60 /* PBXContainerItemProxy */ = {
			isa = PBXContainerItemProxy;
			containerPortal = 8921ACB31E029C7400A20D60 /* SwiftyJSON.xcodeproj */;
			proxyType = 2;
			remoteGlobalIDString = E4D7CCE81B9465A700EE7221;
			remoteInfo = "SwiftyJSON watchOS";
		};
		8921ACC71E029C7400A20D60 /* PBXContainerItemProxy */ = {
			isa = PBXContainerItemProxy;
			containerPortal = 8921ACB31E029C7400A20D60 /* SwiftyJSON.xcodeproj */;
			proxyType = 2;
			remoteGlobalIDString = 7236B4F61BAC14150020529B;
			remoteInfo = "SwiftyJSON tvOS";
		};
		8921ACC91E029C7400A20D60 /* PBXContainerItemProxy */ = {
			isa = PBXContainerItemProxy;
			containerPortal = 8921ACB31E029C7400A20D60 /* SwiftyJSON.xcodeproj */;
			proxyType = 2;
			remoteGlobalIDString = A8580F741BCF5C5B00DA927B;
			remoteInfo = "SwiftyJSON tvOS Tests";
		};
		89E73E081DFA832A00058FB0 /* PBXContainerItemProxy */ = {
			isa = PBXContainerItemProxy;
			containerPortal = 89E73DEB1DFA832900058FB0 /* Project object */;
			proxyType = 1;
			remoteGlobalIDString = 89E73DF21DFA832900058FB0;
			remoteInfo = SwiftTest;
		};
		89E73E131DFA832A00058FB0 /* PBXContainerItemProxy */ = {
			isa = PBXContainerItemProxy;
			containerPortal = 89E73DEB1DFA832900058FB0 /* Project object */;
			proxyType = 1;
			remoteGlobalIDString = 89E73DF21DFA832900058FB0;
			remoteInfo = SwiftTest;
		};
		89E73E481E028F9F00058FB0 /* PBXContainerItemProxy */ = {
			isa = PBXContainerItemProxy;
			containerPortal = 89E73E441E028F9E00058FB0 /* Demo.xcodeproj */;
			proxyType = 2;
			remoteGlobalIDString = B547EC4618E033FB00BC980C;
			remoteInfo = Demo;
		};
/* End PBXContainerItemProxy section */

/* Begin PBXCopyFilesBuildPhase section */
		8921AC991E0291E400A20D60 /* Embed Frameworks */ = {
			isa = PBXCopyFilesBuildPhase;
			buildActionMask = 2147483647;
			dstPath = "";
			dstSubfolderSpec = 10;
			files = (
				8921AC951E0291E400A20D60 /* SnapKit.framework in Embed Frameworks */,
			);
			name = "Embed Frameworks";
			runOnlyForDeploymentPostprocessing = 0;
		};
/* End PBXCopyFilesBuildPhase section */

/* Begin PBXFileReference section */
		8921AC861E0290C300A20D60 /* SnapKit.xcodeproj */ = {isa = PBXFileReference; lastKnownFileType = "wrapper.pb-project"; name = SnapKit.xcodeproj; path = "../../SnapKit-develop/SnapKit.xcodeproj"; sourceTree = "<group>"; };
		8921AC9A1E029C6A00A20D60 /* Alamofire.xcodeproj */ = {isa = PBXFileReference; lastKnownFileType = "wrapper.pb-project"; name = Alamofire.xcodeproj; path = "../../Alamofire-master/Alamofire.xcodeproj"; sourceTree = "<group>"; };
		8921ACB31E029C7400A20D60 /* SwiftyJSON.xcodeproj */ = {isa = PBXFileReference; lastKnownFileType = "wrapper.pb-project"; name = SwiftyJSON.xcodeproj; path = "../../SwiftyJSON-master/SwiftyJSON.xcodeproj"; sourceTree = "<group>"; };
		8921ACCB1E029DC400A20D60 /* XLP_RealViewController.swift */ = {isa = PBXFileReference; fileEncoding = 4; lastKnownFileType = sourcecode.swift; path = XLP_RealViewController.swift; sourceTree = "<group>"; };
		8921ACCD1E029DDA00A20D60 /* SwiftTest-Bridging-Header.h */ = {isa = PBXFileReference; lastKnownFileType = sourcecode.c.h; path = "SwiftTest-Bridging-Header.h"; sourceTree = "<group>"; };
		8921ACCE1E029DDB00A20D60 /* MyViewController.h */ = {isa = PBXFileReference; fileEncoding = 4; lastKnownFileType = sourcecode.c.h; path = MyViewController.h; sourceTree = "<group>"; };
		8921ACCF1E029DDB00A20D60 /* MyViewController.m */ = {isa = PBXFileReference; fileEncoding = 4; lastKnownFileType = sourcecode.c.objc; path = MyViewController.m; sourceTree = "<group>"; };
		8921ACD71E0393EC00A20D60 /* File.swift */ = {isa = PBXFileReference; fileEncoding = 4; lastKnownFileType = sourcecode.swift; path = File.swift; sourceTree = "<group>"; };
		89E73DF31DFA832900058FB0 /* SwiftTest.app */ = {isa = PBXFileReference; explicitFileType = wrapper.application; includeInIndex = 0; path = SwiftTest.app; sourceTree = BUILT_PRODUCTS_DIR; };
		89E73DF61DFA832900058FB0 /* AppDelegate.swift */ = {isa = PBXFileReference; lastKnownFileType = sourcecode.swift; path = AppDelegate.swift; sourceTree = "<group>"; };
		89E73DFB1DFA832900058FB0 /* Base */ = {isa = PBXFileReference; lastKnownFileType = file.storyboard; name = Base; path = Base.lproj/Main.storyboard; sourceTree = "<group>"; };
		89E73DFD1DFA832900058FB0 /* Assets.xcassets */ = {isa = PBXFileReference; lastKnownFileType = folder.assetcatalog; path = Assets.xcassets; sourceTree = "<group>"; };
		89E73E001DFA832900058FB0 /* Base */ = {isa = PBXFileReference; lastKnownFileType = file.storyboard; name = Base; path = Base.lproj/LaunchScreen.storyboard; sourceTree = "<group>"; };
		89E73E021DFA832900058FB0 /* Info.plist */ = {isa = PBXFileReference; lastKnownFileType = text.plist.xml; path = Info.plist; sourceTree = "<group>"; };
		89E73E071DFA832A00058FB0 /* SwiftTestTests.xctest */ = {isa = PBXFileReference; explicitFileType = wrapper.cfbundle; includeInIndex = 0; path = SwiftTestTests.xctest; sourceTree = BUILT_PRODUCTS_DIR; };
		89E73E0B1DFA832A00058FB0 /* SwiftTestTests.swift */ = {isa = PBXFileReference; lastKnownFileType = sourcecode.swift; path = SwiftTestTests.swift; sourceTree = "<group>"; };
		89E73E0D1DFA832A00058FB0 /* Info.plist */ = {isa = PBXFileReference; lastKnownFileType = text.plist.xml; path = Info.plist; sourceTree = "<group>"; };
		89E73E121DFA832A00058FB0 /* SwiftTestUITests.xctest */ = {isa = PBXFileReference; explicitFileType = wrapper.cfbundle; includeInIndex = 0; path = SwiftTestUITests.xctest; sourceTree = BUILT_PRODUCTS_DIR; };
		89E73E161DFA832A00058FB0 /* SwiftTestUITests.swift */ = {isa = PBXFileReference; lastKnownFileType = sourcecode.swift; path = SwiftTestUITests.swift; sourceTree = "<group>"; };
		89E73E181DFA832A00058FB0 /* Info.plist */ = {isa = PBXFileReference; lastKnownFileType = text.plist.xml; path = Info.plist; sourceTree = "<group>"; };
		89E73E311DFBEA6A00058FB0 /* UI_tableable_VC.swift */ = {isa = PBXFileReference; fileEncoding = 4; lastKnownFileType = sourcecode.swift; path = UI_tableable_VC.swift; sourceTree = "<group>"; };
		89E73E341DFBEABE00058FB0 /* OneCell.swift */ = {isa = PBXFileReference; fileEncoding = 4; lastKnownFileType = sourcecode.swift; path = OneCell.swift; sourceTree = "<group>"; };
		89E73E361DFBEAD800058FB0 /* OneModal.swift */ = {isa = PBXFileReference; fileEncoding = 4; lastKnownFileType = sourcecode.swift; path = OneModal.swift; sourceTree = "<group>"; };
		89E73E381DFE463300058FB0 /* XLP_UI_ViewController.swift */ = {isa = PBXFileReference; fileEncoding = 4; lastKnownFileType = sourcecode.swift; path = XLP_UI_ViewController.swift; sourceTree = "<group>"; };
		89E73E3A1DFE46AD00058FB0 /* RootViewController.swift */ = {isa = PBXFileReference; fileEncoding = 4; lastKnownFileType = sourcecode.swift; path = RootViewController.swift; sourceTree = "<group>"; };
		89E73E3D1DFE47C400058FB0 /* PrefixHeader.pch */ = {isa = PBXFileReference; lastKnownFileType = sourcecode.c.h; path = PrefixHeader.pch; sourceTree = "<group>"; };
		89E73E3E1DFFC26F00058FB0 /* XLP_OperatorsVController.swift */ = {isa = PBXFileReference; fileEncoding = 4; lastKnownFileType = sourcecode.swift; path = XLP_OperatorsVController.swift; sourceTree = "<group>"; };
		89E73E401E01292900058FB0 /* TsetClass.swift */ = {isa = PBXFileReference; fileEncoding = 4; lastKnownFileType = sourcecode.swift; path = TsetClass.swift; sourceTree = "<group>"; };
		89E73E421E01294E00058FB0 /* TestClassViewController.swift */ = {isa = PBXFileReference; fileEncoding = 4; lastKnownFileType = sourcecode.swift; path = TestClassViewController.swift; sourceTree = "<group>"; };
		89E73E441E028F9E00058FB0 /* Demo.xcodeproj */ = {isa = PBXFileReference; lastKnownFileType = "wrapper.pb-project"; name = Demo.xcodeproj; path = "../../CC视频SDK/点播/iOS_SDK_DRM_2.8.0/Demo/Demo.xcodeproj"; sourceTree = "<group>"; };
/* End PBXFileReference section */

/* Begin PBXFrameworksBuildPhase section */
		89E73DF01DFA832900058FB0 /* Frameworks */ = {
			isa = PBXFrameworksBuildPhase;
			buildActionMask = 2147483647;
			files = (
				8921AC941E0291E400A20D60 /* SnapKit.framework in Frameworks */,
			);
			runOnlyForDeploymentPostprocessing = 0;
		};
		89E73E041DFA832A00058FB0 /* Frameworks */ = {
			isa = PBXFrameworksBuildPhase;
			buildActionMask = 2147483647;
			files = (
			);
			runOnlyForDeploymentPostprocessing = 0;
		};
		89E73E0F1DFA832A00058FB0 /* Frameworks */ = {
			isa = PBXFrameworksBuildPhase;
			buildActionMask = 2147483647;
			files = (
			);
			runOnlyForDeploymentPostprocessing = 0;
		};
/* End PBXFrameworksBuildPhase section */

/* Begin PBXGroup section */
		8921AC871E0290C300A20D60 /* Products */ = {
			isa = PBXGroup;
			children = (
				8921AC8D1E0290C300A20D60 /* SnapKit.framework */,
				8921AC8F1E0290C300A20D60 /* SnapKit Tests.xctest */,
			);
			name = Products;
			sourceTree = "<group>";
		};
		8921AC9B1E029C6A00A20D60 /* Products */ = {
			isa = PBXGroup;
			children = (
				8921ACA61E029C6A00A20D60 /* Alamofire.framework */,
				8921ACA81E029C6A00A20D60 /* Alamofire iOS Tests.xctest */,
				8921ACAA1E029C6A00A20D60 /* Alamofire.framework */,
				8921ACAC1E029C6A00A20D60 /* Alamofire macOS Tests.xctest */,
				8921ACAE1E029C6A00A20D60 /* Alamofire.framework */,
				8921ACB01E029C6A00A20D60 /* Alamofire tvOS Tests.xctest */,
				8921ACB21E029C6A00A20D60 /* Alamofire.framework */,
			);
			name = Products;
			sourceTree = "<group>";
		};
		8921ACB41E029C7400A20D60 /* Products */ = {
			isa = PBXGroup;
			children = (
				8921ACBE1E029C7400A20D60 /* SwiftyJSON.framework */,
				8921ACC01E029C7400A20D60 /* SwiftyJSON iOS Tests.xctest */,
				8921ACC21E029C7400A20D60 /* SwiftyJSON.framework */,
				8921ACC41E029C7400A20D60 /* SwiftyJSON OSX Tests.xctest */,
				8921ACC61E029C7400A20D60 /* SwiftyJSON.framework */,
				8921ACC81E029C7400A20D60 /* SwiftyJSON.framework */,
				8921ACCA1E029C7400A20D60 /* SwiftyJSON tvOS Tests.xctest */,
			);
			name = Products;
			sourceTree = "<group>";
		};
		8921ACD61E0393EC00A20D60 /* asddd */ = {
			isa = PBXGroup;
			children = (
				8921ACD71E0393EC00A20D60 /* File.swift */,
			);
			path = asddd;
			sourceTree = "<group>";
		};
		89E73DEA1DFA832900058FB0 = {
			isa = PBXGroup;
			children = (
				8921ACB31E029C7400A20D60 /* SwiftyJSON.xcodeproj */,
				8921AC9A1E029C6A00A20D60 /* Alamofire.xcodeproj */,
				8921AC861E0290C300A20D60 /* SnapKit.xcodeproj */,
				89E73E441E028F9E00058FB0 /* Demo.xcodeproj */,
				89E73DF51DFA832900058FB0 /* SwiftTest */,
				89E73E0A1DFA832A00058FB0 /* SwiftTestTests */,
				89E73E151DFA832A00058FB0 /* SwiftTestUITests */,
				89E73DF41DFA832900058FB0 /* Products */,
			);
			sourceTree = "<group>";
		};
		89E73DF41DFA832900058FB0 /* Products */ = {
			isa = PBXGroup;
			children = (
				89E73DF31DFA832900058FB0 /* SwiftTest.app */,
				89E73E071DFA832A00058FB0 /* SwiftTestTests.xctest */,
				89E73E121DFA832A00058FB0 /* SwiftTestUITests.xctest */,
			);
			name = Products;
			sourceTree = "<group>";
		};
		89E73DF51DFA832900058FB0 /* SwiftTest */ = {
			isa = PBXGroup;
			children = (
				89E73DF61DFA832900058FB0 /* AppDelegate.swift */,
				89E73E3A1DFE46AD00058FB0 /* RootViewController.swift */,
				8921ACD61E0393EC00A20D60 /* asddd */,
				89E73E381DFE463300058FB0 /* XLP_UI_ViewController.swift */,
				89E73E3E1DFFC26F00058FB0 /* XLP_OperatorsVController.swift */,
				89E73E401E01292900058FB0 /* TsetClass.swift */,
				89E73E421E01294E00058FB0 /* TestClassViewController.swift */,
				8921ACCB1E029DC400A20D60 /* XLP_RealViewController.swift */,
				8921ACCE1E029DDB00A20D60 /* MyViewController.h */,
				8921ACCF1E029DDB00A20D60 /* MyViewController.m */,
				89E73E331DFBEA9200058FB0 /* tableview */,
				89E73DFA1DFA832900058FB0 /* Main.storyboard */,
				89E73DFD1DFA832900058FB0 /* Assets.xcassets */,
				89E73DFF1DFA832900058FB0 /* LaunchScreen.storyboard */,
				89E73E021DFA832900058FB0 /* Info.plist */,
				89E73E3D1DFE47C400058FB0 /* PrefixHeader.pch */,
				8921ACCD1E029DDA00A20D60 /* SwiftTest-Bridging-Header.h */,
			);
			path = SwiftTest;
			sourceTree = "<group>";
		};
		89E73E0A1DFA832A00058FB0 /* SwiftTestTests */ = {
			isa = PBXGroup;
			children = (
				89E73E0B1DFA832A00058FB0 /* SwiftTestTests.swift */,
				89E73E0D1DFA832A00058FB0 /* Info.plist */,
			);
			path = SwiftTestTests;
			sourceTree = "<group>";
		};
		89E73E151DFA832A00058FB0 /* SwiftTestUITests */ = {
			isa = PBXGroup;
			children = (
				89E73E161DFA832A00058FB0 /* SwiftTestUITests.swift */,
				89E73E181DFA832A00058FB0 /* Info.plist */,
			);
			path = SwiftTestUITests;
			sourceTree = "<group>";
		};
		89E73E331DFBEA9200058FB0 /* tableview */ = {
			isa = PBXGroup;
			children = (
				89E73E311DFBEA6A00058FB0 /* UI_tableable_VC.swift */,
				89E73E341DFBEABE00058FB0 /* OneCell.swift */,
				89E73E361DFBEAD800058FB0 /* OneModal.swift */,
			);
			name = tableview;
			sourceTree = "<group>";
		};
		89E73E451E028F9E00058FB0 /* Products */ = {
			isa = PBXGroup;
			children = (
				89E73E491E028F9F00058FB0 /* Demo.app */,
			);
			name = Products;
			sourceTree = "<group>";
		};
/* End PBXGroup section */

/* Begin PBXNativeTarget section */
		89E73DF21DFA832900058FB0 /* SwiftTest */ = {
			isa = PBXNativeTarget;
			buildConfigurationList = 89E73E1B1DFA832A00058FB0 /* Build configuration list for PBXNativeTarget "SwiftTest" */;
			buildPhases = (
				89E73DEF1DFA832900058FB0 /* Sources */,
				89E73DF01DFA832900058FB0 /* Frameworks */,
				89E73DF11DFA832900058FB0 /* Resources */,
				8921AC991E0291E400A20D60 /* Embed Frameworks */,
			);
			buildRules = (
			);
			dependencies = (
				8921AC971E0291E400A20D60 /* PBXTargetDependency */,
			);
			name = SwiftTest;
			productName = SwiftTest;
			productReference = 89E73DF31DFA832900058FB0 /* SwiftTest.app */;
			productType = "com.apple.product-type.application";
		};
		89E73E061DFA832A00058FB0 /* SwiftTestTests */ = {
			isa = PBXNativeTarget;
			buildConfigurationList = 89E73E1E1DFA832A00058FB0 /* Build configuration list for PBXNativeTarget "SwiftTestTests" */;
			buildPhases = (
				89E73E031DFA832A00058FB0 /* Sources */,
				89E73E041DFA832A00058FB0 /* Frameworks */,
				89E73E051DFA832A00058FB0 /* Resources */,
			);
			buildRules = (
			);
			dependencies = (
				89E73E091DFA832A00058FB0 /* PBXTargetDependency */,
			);
			name = SwiftTestTests;
			productName = SwiftTestTests;
			productReference = 89E73E071DFA832A00058FB0 /* SwiftTestTests.xctest */;
			productType = "com.apple.product-type.bundle.unit-test";
		};
		89E73E111DFA832A00058FB0 /* SwiftTestUITests */ = {
			isa = PBXNativeTarget;
			buildConfigurationList = 89E73E211DFA832A00058FB0 /* Build configuration list for PBXNativeTarget "SwiftTestUITests" */;
			buildPhases = (
				89E73E0E1DFA832A00058FB0 /* Sources */,
				89E73E0F1DFA832A00058FB0 /* Frameworks */,
				89E73E101DFA832A00058FB0 /* Resources */,
			);
			buildRules = (
			);
			dependencies = (
				89E73E141DFA832A00058FB0 /* PBXTargetDependency */,
			);
			name = SwiftTestUITests;
			productName = SwiftTestUITests;
			productReference = 89E73E121DFA832A00058FB0 /* SwiftTestUITests.xctest */;
			productType = "com.apple.product-type.bundle.ui-testing";
		};
/* End PBXNativeTarget section */

/* Begin PBXProject section */
		89E73DEB1DFA832900058FB0 /* Project object */ = {
			isa = PBXProject;
			attributes = {
				LastSwiftUpdateCheck = 0810;
				LastUpgradeCheck = 0810;
				ORGANIZATIONNAME = xulianpeng;
				TargetAttributes = {
					89E73DF21DFA832900058FB0 = {
						CreatedOnToolsVersion = 8.1;
						DevelopmentTeam = R7FLL89AQ2;
						LastSwiftMigration = 0810;
						ProvisioningStyle = Automatic;
					};
					89E73E061DFA832A00058FB0 = {
						CreatedOnToolsVersion = 8.1;
						DevelopmentTeam = R7FLL89AQ2;
						ProvisioningStyle = Automatic;
						TestTargetID = 89E73DF21DFA832900058FB0;
					};
					89E73E111DFA832A00058FB0 = {
						CreatedOnToolsVersion = 8.1;
						DevelopmentTeam = R7FLL89AQ2;
						ProvisioningStyle = Automatic;
						TestTargetID = 89E73DF21DFA832900058FB0;
					};
				};
			};
			buildConfigurationList = 89E73DEE1DFA832900058FB0 /* Build configuration list for PBXProject "SwiftTest" */;
			compatibilityVersion = "Xcode 3.2";
			developmentRegion = English;
			hasScannedForEncodings = 0;
			knownRegions = (
				en,
				Base,
			);
			mainGroup = 89E73DEA1DFA832900058FB0;
			productRefGroup = 89E73DF41DFA832900058FB0 /* Products */;
			projectDirPath = "";
			projectReferences = (
				{
					ProductGroup = 8921AC9B1E029C6A00A20D60 /* Products */;
					ProjectRef = 8921AC9A1E029C6A00A20D60 /* Alamofire.xcodeproj */;
				},
				{
					ProductGroup = 89E73E451E028F9E00058FB0 /* Products */;
					ProjectRef = 89E73E441E028F9E00058FB0 /* Demo.xcodeproj */;
				},
				{
					ProductGroup = 8921AC871E0290C300A20D60 /* Products */;
					ProjectRef = 8921AC861E0290C300A20D60 /* SnapKit.xcodeproj */;
				},
				{
					ProductGroup = 8921ACB41E029C7400A20D60 /* Products */;
					ProjectRef = 8921ACB31E029C7400A20D60 /* SwiftyJSON.xcodeproj */;
				},
			);
			projectRoot = "";
			targets = (
				89E73DF21DFA832900058FB0 /* SwiftTest */,
				89E73E061DFA832A00058FB0 /* SwiftTestTests */,
				89E73E111DFA832A00058FB0 /* SwiftTestUITests */,
			);
		};
/* End PBXProject section */

/* Begin PBXReferenceProxy section */
		8921AC8D1E0290C300A20D60 /* SnapKit.framework */ = {
			isa = PBXReferenceProxy;
			fileType = wrapper.framework;
			path = SnapKit.framework;
			remoteRef = 8921AC8C1E0290C300A20D60 /* PBXContainerItemProxy */;
			sourceTree = BUILT_PRODUCTS_DIR;
		};
		8921AC8F1E0290C300A20D60 /* SnapKit Tests.xctest */ = {
			isa = PBXReferenceProxy;
			fileType = wrapper.cfbundle;
			path = "SnapKit Tests.xctest";
			remoteRef = 8921AC8E1E0290C300A20D60 /* PBXContainerItemProxy */;
			sourceTree = BUILT_PRODUCTS_DIR;
		};
		8921ACA61E029C6A00A20D60 /* Alamofire.framework */ = {
			isa = PBXReferenceProxy;
			fileType = wrapper.framework;
			path = Alamofire.framework;
			remoteRef = 8921ACA51E029C6A00A20D60 /* PBXContainerItemProxy */;
			sourceTree = BUILT_PRODUCTS_DIR;
		};
		8921ACA81E029C6A00A20D60 /* Alamofire iOS Tests.xctest */ = {
			isa = PBXReferenceProxy;
			fileType = wrapper.cfbundle;
			path = "Alamofire iOS Tests.xctest";
			remoteRef = 8921ACA71E029C6A00A20D60 /* PBXContainerItemProxy */;
			sourceTree = BUILT_PRODUCTS_DIR;
		};
		8921ACAA1E029C6A00A20D60 /* Alamofire.framework */ = {
			isa = PBXReferenceProxy;
			fileType = wrapper.framework;
			path = Alamofire.framework;
			remoteRef = 8921ACA91E029C6A00A20D60 /* PBXContainerItemProxy */;
			sourceTree = BUILT_PRODUCTS_DIR;
		};
		8921ACAC1E029C6A00A20D60 /* Alamofire macOS Tests.xctest */ = {
			isa = PBXReferenceProxy;
			fileType = wrapper.cfbundle;
			path = "Alamofire macOS Tests.xctest";
			remoteRef = 8921ACAB1E029C6A00A20D60 /* PBXContainerItemProxy */;
			sourceTree = BUILT_PRODUCTS_DIR;
		};
		8921ACAE1E029C6A00A20D60 /* Alamofire.framework */ = {
			isa = PBXReferenceProxy;
			fileType = wrapper.framework;
			path = Alamofire.framework;
			remoteRef = 8921ACAD1E029C6A00A20D60 /* PBXContainerItemProxy */;
			sourceTree = BUILT_PRODUCTS_DIR;
		};
		8921ACB01E029C6A00A20D60 /* Alamofire tvOS Tests.xctest */ = {
			isa = PBXReferenceProxy;
			fileType = wrapper.cfbundle;
			path = "Alamofire tvOS Tests.xctest";
			remoteRef = 8921ACAF1E029C6A00A20D60 /* PBXContainerItemProxy */;
			sourceTree = BUILT_PRODUCTS_DIR;
		};
		8921ACB21E029C6A00A20D60 /* Alamofire.framework */ = {
			isa = PBXReferenceProxy;
			fileType = wrapper.framework;
			path = Alamofire.framework;
			remoteRef = 8921ACB11E029C6A00A20D60 /* PBXContainerItemProxy */;
			sourceTree = BUILT_PRODUCTS_DIR;
		};
		8921ACBE1E029C7400A20D60 /* SwiftyJSON.framework */ = {
			isa = PBXReferenceProxy;
			fileType = wrapper.framework;
			path = SwiftyJSON.framework;
			remoteRef = 8921ACBD1E029C7400A20D60 /* PBXContainerItemProxy */;
			sourceTree = BUILT_PRODUCTS_DIR;
		};
		8921ACC01E029C7400A20D60 /* SwiftyJSON iOS Tests.xctest */ = {
			isa = PBXReferenceProxy;
			fileType = wrapper.cfbundle;
			path = "SwiftyJSON iOS Tests.xctest";
			remoteRef = 8921ACBF1E029C7400A20D60 /* PBXContainerItemProxy */;
			sourceTree = BUILT_PRODUCTS_DIR;
		};
		8921ACC21E029C7400A20D60 /* SwiftyJSON.framework */ = {
			isa = PBXReferenceProxy;
			fileType = wrapper.framework;
			path = SwiftyJSON.framework;
			remoteRef = 8921ACC11E029C7400A20D60 /* PBXContainerItemProxy */;
			sourceTree = BUILT_PRODUCTS_DIR;
		};
		8921ACC41E029C7400A20D60 /* SwiftyJSON OSX Tests.xctest */ = {
			isa = PBXReferenceProxy;
			fileType = wrapper.cfbundle;
			path = "SwiftyJSON OSX Tests.xctest";
			remoteRef = 8921ACC31E029C7400A20D60 /* PBXContainerItemProxy */;
			sourceTree = BUILT_PRODUCTS_DIR;
		};
		8921ACC61E029C7400A20D60 /* SwiftyJSON.framework */ = {
			isa = PBXReferenceProxy;
			fileType = wrapper.framework;
			path = SwiftyJSON.framework;
			remoteRef = 8921ACC51E029C7400A20D60 /* PBXContainerItemProxy */;
			sourceTree = BUILT_PRODUCTS_DIR;
		};
		8921ACC81E029C7400A20D60 /* SwiftyJSON.framework */ = {
			isa = PBXReferenceProxy;
			fileType = wrapper.framework;
			path = SwiftyJSON.framework;
			remoteRef = 8921ACC71E029C7400A20D60 /* PBXContainerItemProxy */;
			sourceTree = BUILT_PRODUCTS_DIR;
		};
		8921ACCA1E029C7400A20D60 /* SwiftyJSON tvOS Tests.xctest */ = {
			isa = PBXReferenceProxy;
			fileType = wrapper.cfbundle;
			path = "SwiftyJSON tvOS Tests.xctest";
			remoteRef = 8921ACC91E029C7400A20D60 /* PBXContainerItemProxy */;
			sourceTree = BUILT_PRODUCTS_DIR;
		};
		89E73E491E028F9F00058FB0 /* Demo.app */ = {
			isa = PBXReferenceProxy;
			fileType = wrapper.application;
			path = Demo.app;
			remoteRef = 89E73E481E028F9F00058FB0 /* PBXContainerItemProxy */;
			sourceTree = BUILT_PRODUCTS_DIR;
		};
/* End PBXReferenceProxy section */

/* Begin PBXResourcesBuildPhase section */
		89E73DF11DFA832900058FB0 /* Resources */ = {
			isa = PBXResourcesBuildPhase;
			buildActionMask = 2147483647;
			files = (
				89E73E011DFA832900058FB0 /* LaunchScreen.storyboard in Resources */,
				89E73DFE1DFA832900058FB0 /* Assets.xcassets in Resources */,
				89E73DFC1DFA832900058FB0 /* Main.storyboard in Resources */,
			);
			runOnlyForDeploymentPostprocessing = 0;
		};
		89E73E051DFA832A00058FB0 /* Resources */ = {
			isa = PBXResourcesBuildPhase;
			buildActionMask = 2147483647;
			files = (
			);
			runOnlyForDeploymentPostprocessing = 0;
		};
		89E73E101DFA832A00058FB0 /* Resources */ = {
			isa = PBXResourcesBuildPhase;
			buildActionMask = 2147483647;
			files = (
			);
			runOnlyForDeploymentPostprocessing = 0;
		};
/* End PBXResourcesBuildPhase section */

/* Begin PBXSourcesBuildPhase section */
		89E73DEF1DFA832900058FB0 /* Sources */ = {
			isa = PBXSourcesBuildPhase;
			buildActionMask = 2147483647;
			files = (
				8921ACD01E029DDB00A20D60 /* MyViewController.m in Sources */,
				8921ACD81E0393EC00A20D60 /* File.swift in Sources */,
				89E73E411E01292900058FB0 /* TsetClass.swift in Sources */,
				89E73E431E01294E00058FB0 /* TestClassViewController.swift in Sources */,
				89E73E371DFBEAD800058FB0 /* OneModal.swift in Sources */,
				8921ACCC1E029DC400A20D60 /* XLP_RealViewController.swift in Sources */,
				89E73E321DFBEA6A00058FB0 /* UI_tableable_VC.swift in Sources */,
				89E73E3B1DFE46AD00058FB0 /* RootViewController.swift in Sources */,
				89E73E391DFE463300058FB0 /* XLP_UI_ViewController.swift in Sources */,
				89E73E351DFBEABE00058FB0 /* OneCell.swift in Sources */,
				89E73DF71DFA832900058FB0 /* AppDelegate.swift in Sources */,
				89E73E3F1DFFC27000058FB0 /* XLP_OperatorsVController.swift in Sources */,
			);
			runOnlyForDeploymentPostprocessing = 0;
		};
		89E73E031DFA832A00058FB0 /* Sources */ = {
			isa = PBXSourcesBuildPhase;
			buildActionMask = 2147483647;
			files = (
				89E73E0C1DFA832A00058FB0 /* SwiftTestTests.swift in Sources */,
			);
			runOnlyForDeploymentPostprocessing = 0;
		};
		89E73E0E1DFA832A00058FB0 /* Sources */ = {
			isa = PBXSourcesBuildPhase;
			buildActionMask = 2147483647;
			files = (
				89E73E171DFA832A00058FB0 /* SwiftTestUITests.swift in Sources */,
			);
			runOnlyForDeploymentPostprocessing = 0;
		};
/* End PBXSourcesBuildPhase section */

/* Begin PBXTargetDependency section */
		8921AC971E0291E400A20D60 /* PBXTargetDependency */ = {
			isa = PBXTargetDependency;
			name = SnapKit;
			targetProxy = 8921AC961E0291E400A20D60 /* PBXContainerItemProxy */;
		};
		89E73E091DFA832A00058FB0 /* PBXTargetDependency */ = {
			isa = PBXTargetDependency;
			target = 89E73DF21DFA832900058FB0 /* SwiftTest */;
			targetProxy = 89E73E081DFA832A00058FB0 /* PBXContainerItemProxy */;
		};
		89E73E141DFA832A00058FB0 /* PBXTargetDependency */ = {
			isa = PBXTargetDependency;
			target = 89E73DF21DFA832900058FB0 /* SwiftTest */;
			targetProxy = 89E73E131DFA832A00058FB0 /* PBXContainerItemProxy */;
		};
/* End PBXTargetDependency section */

/* Begin PBXVariantGroup section */
		89E73DFA1DFA832900058FB0 /* Main.storyboard */ = {
			isa = PBXVariantGroup;
			children = (
				89E73DFB1DFA832900058FB0 /* Base */,
			);
			name = Main.storyboard;
			sourceTree = "<group>";
		};
		89E73DFF1DFA832900058FB0 /* LaunchScreen.storyboard */ = {
			isa = PBXVariantGroup;
			children = (
				89E73E001DFA832900058FB0 /* Base */,
			);
			name = LaunchScreen.storyboard;
			sourceTree = "<group>";
		};
/* End PBXVariantGroup section */

/* Begin XCBuildConfiguration section */
		89E73E191DFA832A00058FB0 /* Debug */ = {
			isa = XCBuildConfiguration;
			buildSettings = {
				ALWAYS_SEARCH_USER_PATHS = NO;
				CLANG_ANALYZER_NONNULL = YES;
				CLANG_CXX_LANGUAGE_STANDARD = "gnu++0x";
				CLANG_CXX_LIBRARY = "libc++";
				CLANG_ENABLE_MODULES = YES;
				CLANG_ENABLE_OBJC_ARC = YES;
				CLANG_WARN_BOOL_CONVERSION = YES;
				CLANG_WARN_CONSTANT_CONVERSION = YES;
				CLANG_WARN_DIRECT_OBJC_ISA_USAGE = YES_ERROR;
				CLANG_WARN_DOCUMENTATION_COMMENTS = YES;
				CLANG_WARN_EMPTY_BODY = YES;
				CLANG_WARN_ENUM_CONVERSION = YES;
				CLANG_WARN_INFINITE_RECURSION = YES;
				CLANG_WARN_INT_CONVERSION = YES;
				CLANG_WARN_OBJC_ROOT_CLASS = YES_ERROR;
				CLANG_WARN_SUSPICIOUS_MOVES = YES;
				CLANG_WARN_UNREACHABLE_CODE = YES;
				CLANG_WARN__DUPLICATE_METHOD_MATCH = YES;
				"CODE_SIGN_IDENTITY[sdk=iphoneos*]" = "iPhone Developer";
				COPY_PHASE_STRIP = NO;
				DEBUG_INFORMATION_FORMAT = dwarf;
				ENABLE_STRICT_OBJC_MSGSEND = YES;
				ENABLE_TESTABILITY = YES;
				GCC_C_LANGUAGE_STANDARD = gnu99;
				GCC_DYNAMIC_NO_PIC = NO;
				GCC_NO_COMMON_BLOCKS = YES;
				GCC_OPTIMIZATION_LEVEL = 0;
				GCC_PREPROCESSOR_DEFINITIONS = (
					"DEBUG=1",
					"$(inherited)",
				);
				GCC_WARN_64_TO_32_BIT_CONVERSION = YES;
				GCC_WARN_ABOUT_RETURN_TYPE = YES_ERROR;
				GCC_WARN_UNDECLARED_SELECTOR = YES;
				GCC_WARN_UNINITIALIZED_AUTOS = YES_AGGRESSIVE;
				GCC_WARN_UNUSED_FUNCTION = YES;
				GCC_WARN_UNUSED_VARIABLE = YES;
				IPHONEOS_DEPLOYMENT_TARGET = 10.1;
				MTL_ENABLE_DEBUG_INFO = YES;
				ONLY_ACTIVE_ARCH = YES;
				SDKROOT = iphoneos;
				SWIFT_ACTIVE_COMPILATION_CONDITIONS = DEBUG;
				SWIFT_OPTIMIZATION_LEVEL = "-Onone";
				TARGETED_DEVICE_FAMILY = "1,2";
			};
			name = Debug;
		};
		89E73E1A1DFA832A00058FB0 /* Release */ = {
			isa = XCBuildConfiguration;
			buildSettings = {
				ALWAYS_SEARCH_USER_PATHS = NO;
				CLANG_ANALYZER_NONNULL = YES;
				CLANG_CXX_LANGUAGE_STANDARD = "gnu++0x";
				CLANG_CXX_LIBRARY = "libc++";
				CLANG_ENABLE_MODULES = YES;
				CLANG_ENABLE_OBJC_ARC = YES;
				CLANG_WARN_BOOL_CONVERSION = YES;
				CLANG_WARN_CONSTANT_CONVERSION = YES;
				CLANG_WARN_DIRECT_OBJC_ISA_USAGE = YES_ERROR;
				CLANG_WARN_DOCUMENTATION_COMMENTS = YES;
				CLANG_WARN_EMPTY_BODY = YES;
				CLANG_WARN_ENUM_CONVERSION = YES;
				CLANG_WARN_INFINITE_RECURSION = YES;
				CLANG_WARN_INT_CONVERSION = YES;
				CLANG_WARN_OBJC_ROOT_CLASS = YES_ERROR;
				CLANG_WARN_SUSPICIOUS_MOVES = YES;
				CLANG_WARN_UNREACHABLE_CODE = YES;
				CLANG_WARN__DUPLICATE_METHOD_MATCH = YES;
				"CODE_SIGN_IDENTITY[sdk=iphoneos*]" = "iPhone Developer";
				COPY_PHASE_STRIP = NO;
				DEBUG_INFORMATION_FORMAT = "dwarf-with-dsym";
				ENABLE_NS_ASSERTIONS = NO;
				ENABLE_STRICT_OBJC_MSGSEND = YES;
				GCC_C_LANGUAGE_STANDARD = gnu99;
				GCC_NO_COMMON_BLOCKS = YES;
				GCC_WARN_64_TO_32_BIT_CONVERSION = YES;
				GCC_WARN_ABOUT_RETURN_TYPE = YES_ERROR;
				GCC_WARN_UNDECLARED_SELECTOR = YES;
				GCC_WARN_UNINITIALIZED_AUTOS = YES_AGGRESSIVE;
				GCC_WARN_UNUSED_FUNCTION = YES;
				GCC_WARN_UNUSED_VARIABLE = YES;
				IPHONEOS_DEPLOYMENT_TARGET = 10.1;
				MTL_ENABLE_DEBUG_INFO = NO;
				SDKROOT = iphoneos;
				SWIFT_OPTIMIZATION_LEVEL = "-Owholemodule";
				TARGETED_DEVICE_FAMILY = "1,2";
				VALIDATE_PRODUCT = YES;
			};
			name = Release;
		};
		89E73E1C1DFA832A00058FB0 /* Debug */ = {
			isa = XCBuildConfiguration;
			buildSettings = {
				ALWAYS_EMBED_SWIFT_STANDARD_LIBRARIES = YES;
				ASSETCATALOG_COMPILER_APPICON_NAME = AppIcon;
				CLANG_ENABLE_MODULES = YES;
				DEVELOPMENT_TEAM = R7FLL89AQ2;
				FRAMEWORK_SEARCH_PATHS = (
					"$(inherited)",
					"$(PROJECT_DIR)/SwiftTest",
				);
				INFOPLIST_FILE = SwiftTest/Info.plist;
				LD_RUNPATH_SEARCH_PATHS = "$(inherited) @executable_path/Frameworks";
				PRODUCT_BUNDLE_IDENTIFIER = XLP.SwiftTest;
				PRODUCT_NAME = "$(TARGET_NAME)";
				SWIFT_OBJC_BRIDGING_HEADER = "SwiftTest/SwiftTest-Bridging-Header.h";
				SWIFT_OPTIMIZATION_LEVEL = "-Onone";
				SWIFT_VERSION = 3.0;
			};
			name = Debug;
		};
		89E73E1D1DFA832A00058FB0 /* Release */ = {
			isa = XCBuildConfiguration;
			buildSettings = {
				ALWAYS_EMBED_SWIFT_STANDARD_LIBRARIES = YES;
				ASSETCATALOG_COMPILER_APPICON_NAME = AppIcon;
				CLANG_ENABLE_MODULES = YES;
				DEVELOPMENT_TEAM = R7FLL89AQ2;
				FRAMEWORK_SEARCH_PATHS = (
					"$(inherited)",
					"$(PROJECT_DIR)/SwiftTest",
				);
				INFOPLIST_FILE = SwiftTest/Info.plist;
				LD_RUNPATH_SEARCH_PATHS = "$(inherited) @executable_path/Frameworks";
				PRODUCT_BUNDLE_IDENTIFIER = XLP.SwiftTest;
				PRODUCT_NAME = "$(TARGET_NAME)";
				SWIFT_OBJC_BRIDGING_HEADER = "SwiftTest/SwiftTest-Bridging-Header.h";
				SWIFT_VERSION = 3.0;
			};
			name = Release;
		};
		89E73E1F1DFA832A00058FB0 /* Debug */ = {
			isa = XCBuildConfiguration;
			buildSettings = {
				ALWAYS_EMBED_SWIFT_STANDARD_LIBRARIES = YES;
				BUNDLE_LOADER = "$(TEST_HOST)";
				DEVELOPMENT_TEAM = R7FLL89AQ2;
				INFOPLIST_FILE = SwiftTestTests/Info.plist;
				LD_RUNPATH_SEARCH_PATHS = "$(inherited) @executable_path/Frameworks @loader_path/Frameworks";
				PRODUCT_BUNDLE_IDENTIFIER = XLP.SwiftTestTests;
				PRODUCT_NAME = "$(TARGET_NAME)";
				SWIFT_VERSION = 3.0;
				TEST_HOST = "$(BUILT_PRODUCTS_DIR)/SwiftTest.app/SwiftTest";
			};
			name = Debug;
		};
		89E73E201DFA832A00058FB0 /* Release */ = {
			isa = XCBuildConfiguration;
			buildSettings = {
				ALWAYS_EMBED_SWIFT_STANDARD_LIBRARIES = YES;
				BUNDLE_LOADER = "$(TEST_HOST)";
				DEVELOPMENT_TEAM = R7FLL89AQ2;
				INFOPLIST_FILE = SwiftTestTests/Info.plist;
				LD_RUNPATH_SEARCH_PATHS = "$(inherited) @executable_path/Frameworks @loader_path/Frameworks";
				PRODUCT_BUNDLE_IDENTIFIER = XLP.SwiftTestTests;
				PRODUCT_NAME = "$(TARGET_NAME)";
				SWIFT_VERSION = 3.0;
				TEST_HOST = "$(BUILT_PRODUCTS_DIR)/SwiftTest.app/SwiftTest";
			};
			name = Release;
		};
		89E73E221DFA832A00058FB0 /* Debug */ = {
			isa = XCBuildConfiguration;
			buildSettings = {
				ALWAYS_EMBED_SWIFT_STANDARD_LIBRARIES = YES;
				DEVELOPMENT_TEAM = R7FLL89AQ2;
				INFOPLIST_FILE = SwiftTestUITests/Info.plist;
				LD_RUNPATH_SEARCH_PATHS = "$(inherited) @executable_path/Frameworks @loader_path/Frameworks";
				PRODUCT_BUNDLE_IDENTIFIER = XLP.SwiftTestUITests;
				PRODUCT_NAME = "$(TARGET_NAME)";
				SWIFT_VERSION = 3.0;
				TEST_TARGET_NAME = SwiftTest;
			};
			name = Debug;
		};
		89E73E231DFA832A00058FB0 /* Release */ = {
			isa = XCBuildConfiguration;
			buildSettings = {
				ALWAYS_EMBED_SWIFT_STANDARD_LIBRARIES = YES;
				DEVELOPMENT_TEAM = R7FLL89AQ2;
				INFOPLIST_FILE = SwiftTestUITests/Info.plist;
				LD_RUNPATH_SEARCH_PATHS = "$(inherited) @executable_path/Frameworks @loader_path/Frameworks";
				PRODUCT_BUNDLE_IDENTIFIER = XLP.SwiftTestUITests;
				PRODUCT_NAME = "$(TARGET_NAME)";
				SWIFT_VERSION = 3.0;
				TEST_TARGET_NAME = SwiftTest;
			};
			name = Release;
		};
/* End XCBuildConfiguration section */

/* Begin XCConfigurationList section */
		89E73DEE1DFA832900058FB0 /* Build configuration list for PBXProject "SwiftTest" */ = {
			isa = XCConfigurationList;
			buildConfigurations = (
				89E73E191DFA832A00058FB0 /* Debug */,
				89E73E1A1DFA832A00058FB0 /* Release */,
			);
			defaultConfigurationIsVisible = 0;
			defaultConfigurationName = Release;
		};
		89E73E1B1DFA832A00058FB0 /* Build configuration list for PBXNativeTarget "SwiftTest" */ = {
			isa = XCConfigurationList;
			buildConfigurations = (
				89E73E1C1DFA832A00058FB0 /* Debug */,
				89E73E1D1DFA832A00058FB0 /* Release */,
			);
			defaultConfigurationIsVisible = 0;
			defaultConfigurationName = Release;
		};
		89E73E1E1DFA832A00058FB0 /* Build configuration list for PBXNativeTarget "SwiftTestTests" */ = {
			isa = XCConfigurationList;
			buildConfigurations = (
				89E73E1F1DFA832A00058FB0 /* Debug */,
				89E73E201DFA832A00058FB0 /* Release */,
			);
			defaultConfigurationIsVisible = 0;
			defaultConfigurationName = Release;
		};
		89E73E211DFA832A00058FB0 /* Build configuration list for PBXNativeTarget "SwiftTestUITests" */ = {
			isa = XCConfigurationList;
			buildConfigurations = (
				89E73E221DFA832A00058FB0 /* Debug */,
				89E73E231DFA832A00058FB0 /* Release */,
			);
			defaultConfigurationIsVisible = 0;
			defaultConfigurationName = Release;
		};
/* End XCConfigurationList section */
	};
	rootObject = 89E73DEB1DFA832900058FB0 /* Project object */;
}
